Microsoft Visual Studio Solution File, Format Version 10.00
# Visual Studio 2008

Project("{65E12D81-2C3E-8FEC-E142-99AA46B17B45}") = "HelloWorldInUnity", "HelloWorldInUnity.csproj", "{67EE1A9B-4DA6-2B90-6F45-874A955F89CD}"
EndProject
Global
	GlobalSection(SolutionConfigurationPlatforms) = preSolution
		Debug|Any CPU = Debug|Any CPU
		Release|Any CPU = Release|Any CPU
	EndGlobalSection
	GlobalSection(ProjectConfigurationPlatforms) = postSolution
		{67EE1A9B-4DA6-2B90-6F45-874A955F89CD}.Debug|Any CPU.ActiveCfg = Debug|Any CPU
		{67EE1A9B-4DA6-2B90-6F45-874A955F89CD}.Debug|Any CPU.Build.0 = Debug|Any CPU
		{67EE1A9B-4DA6-2B90-6F45-874A955F89CD}.Release|Any CPU.ActiveCfg = Release|Any CPU
		{67EE1A9B-4DA6-2B90-6F45-874A955F89CD}.Release|Any CPU.Build.0 = Release|Any CPU
	EndGlobalSection
	GlobalSection(SolutionProperties) = preSolution
		HideSolutionNode = FALSE
	EndGlobalSection
	
EndGlobal
